# This file is automatically @generated by Cargo.
# It is not intended for manual editing.
version = 4

[[package]]
name = "rivetlua-compiler"
version = "0.0.0"
dependencies = [
 "rivetlua-core",
]

[[package]]
name = "rivetlua-core"
version = "0.0.0"

[[package]]
name = "rivetlua-runtime"
version = "0.0.0"
dependencies = [
 "rivetlua-compiler",
 "rivetlua-core",
]

[[package]]
name = "rivetlua-xtask"
version = "0.0.0"
